// !$*UTF8*$!
{
	archiveVersion = 1;
	classes = {
	};
	objectVersion = 56;
	objects = {

/* Begin PBXBuildFile section */
		A236059A2AE66D8A00E6204B /* TiresView.swift in Sources */ = {isa = PBXBuildFile; fileRef = A23605992AE66D8A00E6204B /* TiresView.swift */; };
		A236059E2AE6759B00E6204B /* SwiftUIView.swift in Sources */ = {isa = PBXBuildFile; fileRef = A236059D2AE6759B00E6204B /* SwiftUIView.swift */; };
		A2C602502ADD3DF0006DCE67 /* vehiculeApp.swift in Sources */ = {isa = PBXBuildFile; fileRef = A2C6024F2ADD3DF0006DCE67 /* vehiculeApp.swift */; };
		A2C602522ADD3DF0006DCE67 /* ContentView.swift in Sources */ = {isa = PBXBuildFile; fileRef = A2C602512ADD3DF0006DCE67 /* ContentView.swift */; };
		A2C602572ADD3DF1006DCE67 /* Preview Assets.xcassets in Resources */ = {isa = PBXBuildFile; fileRef = A2C602562ADD3DF1006DCE67 /* Preview Assets.xcassets */; };
		A2C602612ADD3DF1006DCE67 /* vehiculeTests.swift in Sources */ = {isa = PBXBuildFile; fileRef = A2C602602ADD3DF1006DCE67 /* vehiculeTests.swift */; };
		A2C6026B2ADD3DF1006DCE67 /* vehiculeUITests.swift in Sources */ = {isa = PBXBuildFile; fileRef = A2C6026A2ADD3DF1006DCE67 /* vehiculeUITests.swift */; };
		A2C6026D2ADD3DF1006DCE67 /* vehiculeUITestsLaunchTests.swift in Sources */ = {isa = PBXBuildFile; fileRef = A2C6026C2ADD3DF1006DCE67 /* vehiculeUITestsLaunchTests.swift */; };
		A2E7DDC32AF8E37400CA4ACF /* Assets.xcassets in Resources */ = {isa = PBXBuildFile; fileRef = A2C602532ADD3DF1006DCE67 /* Assets.xcassets */; };
		C05621682AF80054003A1FB9 /* Extras.swift in Sources */ = {isa = PBXBuildFile; fileRef = C05621672AF80054003A1FB9 /* Extras.swift */; };
		C06573752AF800D8002E7C57 /* ExtrasRepository.swift in Sources */ = {isa = PBXBuildFile; fileRef = C06573742AF800D8002E7C57 /* ExtrasRepository.swift */; };
		C06573772AF800F9002E7C57 /* Tires.swift in Sources */ = {isa = PBXBuildFile; fileRef = C06573762AF800F9002E7C57 /* Tires.swift */; };
		C06573792AF8010E002E7C57 /* TiresRepository.swift in Sources */ = {isa = PBXBuildFile; fileRef = C06573782AF8010E002E7C57 /* TiresRepository.swift */; };
		C065737B2AF8021D002E7C57 /* Type.swift in Sources */ = {isa = PBXBuildFile; fileRef = C065737A2AF8021D002E7C57 /* Type.swift */; };
		C065737D2AF80241002E7C57 /* TypeRepository.swift in Sources */ = {isa = PBXBuildFile; fileRef = C065737C2AF80241002E7C57 /* TypeRepository.swift */; };
		C065737F2AF8026B002E7C57 /* ChoiceListView.swift in Sources */ = {isa = PBXBuildFile; fileRef = C065737E2AF8026B002E7C57 /* ChoiceListView.swift */; };
		C06573812AF80295002E7C57 /* ExtrasView.swift in Sources */ = {isa = PBXBuildFile; fileRef = C06573802AF80295002E7C57 /* ExtrasView.swift */; };
		C06573832AF839D5002E7C57 /* PurchasedoneView.swift in Sources */ = {isa = PBXBuildFile; fileRef = C06573822AF839D5002E7C57 /* PurchasedoneView.swift */; };
		C06573852AF83AB4002E7C57 /* TypeView.swift in Sources */ = {isa = PBXBuildFile; fileRef = C06573842AF83AB4002E7C57 /* TypeView.swift */; };
/* End PBXBuildFile section */

/* Begin PBXContainerItemProxy section */
		A2C6025D2ADD3DF1006DCE67 /* PBXContainerItemProxy */ = {
			isa = PBXContainerItemProxy;
			containerPortal = A2C602442ADD3DF0006DCE67 /* Project object */;
			proxyType = 1;
			remoteGlobalIDString = A2C6024B2ADD3DF0006DCE67;
			remoteInfo = vehicule;
		};
		A2C602672ADD3DF1006DCE67 /* PBXContainerItemProxy */ = {
			isa = PBXContainerItemProxy;
			containerPortal = A2C602442ADD3DF0006DCE67 /* Project object */;
			proxyType = 1;
			remoteGlobalIDString = A2C6024B2ADD3DF0006DCE67;
			remoteInfo = vehicule;
		};
/* End PBXContainerItemProxy section */

/* Begin PBXFileReference section */
		A23605992AE66D8A00E6204B /* TiresView.swift */ = {isa = PBXFileReference; lastKnownFileType = sourcecode.swift; path = TiresView.swift; sourceTree = "<group>"; };
		A236059D2AE6759B00E6204B /* SwiftUIView.swift */ = {isa = PBXFileReference; lastKnownFileType = sourcecode.swift; path = SwiftUIView.swift; sourceTree = "<group>"; };
		A2C6024C2ADD3DF0006DCE67 /* vehicule.app */ = {isa = PBXFileReference; explicitFileType = wrapper.application; includeInIndex = 0; path = vehicule.app; sourceTree = BUILT_PRODUCTS_DIR; };
		A2C6024F2ADD3DF0006DCE67 /* vehiculeApp.swift */ = {isa = PBXFileReference; lastKnownFileType = sourcecode.swift; path = vehiculeApp.swift; sourceTree = "<group>"; };
		A2C602512ADD3DF0006DCE67 /* ContentView.swift */ = {isa = PBXFileReference; lastKnownFileType = sourcecode.swift; path = ContentView.swift; sourceTree = "<group>"; };
		A2C602532ADD3DF1006DCE67 /* Assets.xcassets */ = {isa = PBXFileReference; lastKnownFileType = folder.assetcatalog; path = Assets.xcassets; sourceTree = "<group>"; };
		A2C602562ADD3DF1006DCE67 /* Preview Assets.xcassets */ = {isa = PBXFileReference; lastKnownFileType = folder.assetcatalog; path = "Preview Assets.xcassets"; sourceTree = "<group>"; };
		A2C6025C2ADD3DF1006DCE67 /* vehiculeTests.xctest */ = {isa = PBXFileReference; explicitFileType = wrapper.cfbundle; includeInIndex = 0; path = vehiculeTests.xctest; sourceTree = BUILT_PRODUCTS_DIR; };
		A2C602602ADD3DF1006DCE67 /* vehiculeTests.swift */ = {isa = PBXFileReference; lastKnownFileType = sourcecode.swift; path = vehiculeTests.swift; sourceTree = "<group>"; };
		A2C602662ADD3DF1006DCE67 /* vehiculeUITests.xctest */ = {isa = PBXFileReference; explicitFileType = wrapper.cfbundle; includeInIndex = 0; path = vehiculeUITests.xctest; sourceTree = BUILT_PRODUCTS_DIR; };
		A2C6026A2ADD3DF1006DCE67 /* vehiculeUITests.swift */ = {isa = PBXFileReference; lastKnownFileType = sourcecode.swift; path = vehiculeUITests.swift; sourceTree = "<group>"; };
		A2C6026C2ADD3DF1006DCE67 /* vehiculeUITestsLaunchTests.swift */ = {isa = PBXFileReference; lastKnownFileType = sourcecode.swift; path = vehiculeUITestsLaunchTests.swift; sourceTree = "<group>"; };
		C05621672AF80054003A1FB9 /* Extras.swift */ = {isa = PBXFileReference; lastKnownFileType = sourcecode.swift; path = Extras.swift; sourceTree = "<group>"; };
		C06573742AF800D8002E7C57 /* ExtrasRepository.swift */ = {isa = PBXFileReference; lastKnownFileType = sourcecode.swift; path = ExtrasRepository.swift; sourceTree = "<group>"; };
		C06573762AF800F9002E7C57 /* Tires.swift */ = {isa = PBXFileReference; lastKnownFileType = sourcecode.swift; path = Tires.swift; sourceTree = "<group>"; };
		C06573782AF8010E002E7C57 /* TiresRepository.swift */ = {isa = PBXFileReference; lastKnownFileType = sourcecode.swift; path = TiresRepository.swift; sourceTree = "<group>"; };
		C065737A2AF8021D002E7C57 /* Type.swift */ = {isa = PBXFileReference; lastKnownFileType = sourcecode.swift; path = Type.swift; sourceTree = "<group>"; };
		C065737C2AF80241002E7C57 /* TypeRepository.swift */ = {isa = PBXFileReference; lastKnownFileType = sourcecode.swift; path = TypeRepository.swift; sourceTree = "<group>"; };
		C065737E2AF8026B002E7C57 /* ChoiceListView.swift */ = {isa = PBXFileReference; lastKnownFileType = sourcecode.swift; path = ChoiceListView.swift; sourceTree = "<group>"; };
		C06573802AF80295002E7C57 /* ExtrasView.swift */ = {isa = PBXFileReference; lastKnownFileType = sourcecode.swift; path = ExtrasView.swift; sourceTree = "<group>"; };
		C06573822AF839D5002E7C57 /* PurchasedoneView.swift */ = {isa = PBXFileReference; lastKnownFileType = sourcecode.swift; path = PurchasedoneView.swift; sourceTree = "<group>"; };
		C06573842AF83AB4002E7C57 /* TypeView.swift */ = {isa = PBXFileReference; lastKnownFileType = sourcecode.swift; path = TypeView.swift; sourceTree = "<group>"; };
/* End PBXFileReference section */

/* Begin PBXFrameworksBuildPhase section */
		A2C602492ADD3DF0006DCE67 /* Frameworks */ = {
			isa = PBXFrameworksBuildPhase;
			buildActionMask = 2147483647;
			files = (
			);
			runOnlyForDeploymentPostprocessing = 0;
		};
		A2C602592ADD3DF1006DCE67 /* Frameworks */ = {
			isa = PBXFrameworksBuildPhase;
			buildActionMask = 2147483647;
			files = (
			);
			runOnlyForDeploymentPostprocessing = 0;
		};
		A2C602632ADD3DF1006DCE67 /* Frameworks */ = {
			isa = PBXFrameworksBuildPhase;
			buildActionMask = 2147483647;
			files = (
			);
			runOnlyForDeploymentPostprocessing = 0;
		};
/* End PBXFrameworksBuildPhase section */

/* Begin PBXGroup section */
		A23605962AE6572100E6204B /* view */ = {
			isa = PBXGroup;
			children = (
				A23605992AE66D8A00E6204B /* TiresView.swift */,
				A236059D2AE6759B00E6204B /* SwiftUIView.swift */,
				C065737E2AF8026B002E7C57 /* ChoiceListView.swift */,
				C06573802AF80295002E7C57 /* ExtrasView.swift */,
				C06573822AF839D5002E7C57 /* PurchasedoneView.swift */,
				C06573842AF83AB4002E7C57 /* TypeView.swift */,
			);
			path = view;
			sourceTree = "<group>";
		};
		A2C602432ADD3DF0006DCE67 = {
			isa = PBXGroup;
			children = (
				A2C6024E2ADD3DF0006DCE67 /* vehicule */,
				A2C6025F2ADD3DF1006DCE67 /* vehiculeTests */,
				A2C602692ADD3DF1006DCE67 /* vehiculeUITests */,
				A2C6024D2ADD3DF0006DCE67 /* Products */,
			);
			sourceTree = "<group>";
		};
		A2C6024D2ADD3DF0006DCE67 /* Products */ = {
			isa = PBXGroup;
			children = (
				A2C6024C2ADD3DF0006DCE67 /* vehicule.app */,
				A2C6025C2ADD3DF1006DCE67 /* vehiculeTests.xctest */,
				A2C602662ADD3DF1006DCE67 /* vehiculeUITests.xctest */,
			);
			name = Products;
			sourceTree = "<group>";
		};
		A2C6024E2ADD3DF0006DCE67 /* vehicule */ = {
			isa = PBXGroup;
			children = (
				C05621662AF80017003A1FB9 /* Data */,
				A2C6024F2ADD3DF0006DCE67 /* vehiculeApp.swift */,
				A23605962AE6572100E6204B /* view */,
				A2C602512ADD3DF0006DCE67 /* ContentView.swift */,
				A2C602532ADD3DF1006DCE67 /* Assets.xcassets */,
				A2C602552ADD3DF1006DCE67 /* Preview Content */,
			);
			path = vehicule;
			sourceTree = "<group>";
		};
		A2C602552ADD3DF1006DCE67 /* Preview Content */ = {
			isa = PBXGroup;
			children = (
				A2C602562ADD3DF1006DCE67 /* Preview Assets.xcassets */,
			);
			path = "Preview Content";
			sourceTree = "<group>";
		};
		A2C6025F2ADD3DF1006DCE67 /* vehiculeTests */ = {
			isa = PBXGroup;
			children = (
				A2C602602ADD3DF1006DCE67 /* vehiculeTests.swift */,
			);
			path = vehiculeTests;
			sourceTree = "<group>";
		};
		A2C602692ADD3DF1006DCE67 /* vehiculeUITests */ = {
			isa = PBXGroup;
			children = (
				A2C6026A2ADD3DF1006DCE67 /* vehiculeUITests.swift */,
				A2C6026C2ADD3DF1006DCE67 /* vehiculeUITestsLaunchTests.swift */,
			);
			path = vehiculeUITests;
			sourceTree = "<group>";
		};
		C05621662AF80017003A1FB9 /* Data */ = {
			isa = PBXGroup;
			children = (
				C05621672AF80054003A1FB9 /* Extras.swift */,
				C06573742AF800D8002E7C57 /* ExtrasRepository.swift */,
				C06573762AF800F9002E7C57 /* Tires.swift */,
				C06573782AF8010E002E7C57 /* TiresRepository.swift */,
				C065737A2AF8021D002E7C57 /* Type.swift */,
				C065737C2AF80241002E7C57 /* TypeRepository.swift */,
			);
			path = Data;
			sourceTree = "<group>";
		};
/* End PBXGroup section */

/* Begin PBXNativeTarget section */
		A2C6024B2ADD3DF0006DCE67 /* vehicule */ = {
			isa = PBXNativeTarget;
			buildConfigurationList = A2C602702ADD3DF1006DCE67 /* Build configuration list for PBXNativeTarget "vehicule" */;
			buildPhases = (
				A2C602482ADD3DF0006DCE67 /* Sources */,
				A2C602492ADD3DF0006DCE67 /* Frameworks */,
				A2C6024A2ADD3DF0006DCE67 /* Resources */,
			);
			buildRules = (
			);
			dependencies = (
			);
			name = vehicule;
			productName = vehicule;
			productReference = A2C6024C2ADD3DF0006DCE67 /* vehicule.app */;
			productType = "com.apple.product-type.application";
		};
		A2C6025B2ADD3DF1006DCE67 /* vehiculeTests */ = {
			isa = PBXNativeTarget;
			buildConfigurationList = A2C602732ADD3DF1006DCE67 /* Build configuration list for PBXNativeTarget "vehiculeTests" */;
			buildPhases = (
				A2C602582ADD3DF1006DCE67 /* Sources */,
				A2C602592ADD3DF1006DCE67 /* Frameworks */,
				A2C6025A2ADD3DF1006DCE67 /* Resources */,
			);
			buildRules = (
			);
			dependencies = (
				A2C6025E2ADD3DF1006DCE67 /* PBXTargetDependency */,
			);
			name = vehiculeTests;
			productName = vehiculeTests;
			productReference = A2C6025C2ADD3DF1006DCE67 /* vehiculeTests.xctest */;
			productType = "com.apple.product-type.bundle.unit-test";
		};
		A2C602652ADD3DF1006DCE67 /* vehiculeUITests */ = {
			isa = PBXNativeTarget;
			buildConfigurationList = A2C602762ADD3DF1006DCE67 /* Build configuration list for PBXNativeTarget "vehiculeUITests" */;
			buildPhases = (
				A2C602622ADD3DF1006DCE67 /* Sources */,
				A2C602632ADD3DF1006DCE67 /* Frameworks */,
				A2C602642ADD3DF1006DCE67 /* Resources */,
			);
			buildRules = (
			);
			dependencies = (
				A2C602682ADD3DF1006DCE67 /* PBXTargetDependency */,
			);
			name = vehiculeUITests;
			productName = vehiculeUITests;
			productReference = A2C602662ADD3DF1006DCE67 /* vehiculeUITests.xctest */;
			productType = "com.apple.product-type.bundle.ui-testing";
		};
/* End PBXNativeTarget section */

/* Begin PBXProject section */
		A2C602442ADD3DF0006DCE67 /* Project object */ = {
			isa = PBXProject;
			attributes = {
				BuildIndependentTargetsInParallel = 1;
				LastSwiftUpdateCheck = 1400;
				LastUpgradeCheck = 1400;
				TargetAttributes = {
					A2C6024B2ADD3DF0006DCE67 = {
						CreatedOnToolsVersion = 14.0;
					};
					A2C6025B2ADD3DF1006DCE67 = {
						CreatedOnToolsVersion = 14.0;
						TestTargetID = A2C6024B2ADD3DF0006DCE67;
					};
					A2C602652ADD3DF1006DCE67 = {
						CreatedOnToolsVersion = 14.0;
						TestTargetID = A2C6024B2ADD3DF0006DCE67;
					};
				};
			};
			buildConfigurationList = A2C602472ADD3DF0006DCE67 /* Build configuration list for PBXProject "vehicule" */;
			compatibilityVersion = "Xcode 14.0";
			developmentRegion = en;
			hasScannedForEncodings = 0;
			knownRegions = (
				en,
				Base,
			);
			mainGroup = A2C602432ADD3DF0006DCE67;
			productRefGroup = A2C6024D2ADD3DF0006DCE67 /* Products */;
			projectDirPath = "";
			projectRoot = "";
			targets = (
				A2C6024B2ADD3DF0006DCE67 /* vehicule */,
				A2C6025B2ADD3DF1006DCE67 /* vehiculeTests */,
				A2C602652ADD3DF1006DCE67 /* vehiculeUITests */,
			);
		};
/* End PBXProject section */

/* Begin PBXResourcesBuildPhase section */
		A2C6024A2ADD3DF0006DCE67 /* Resources */ = {
			isa = PBXResourcesBuildPhase;
			buildActionMask = 2147483647;
			files = (
				A2E7DDC32AF8E37400CA4ACF /* Assets.xcassets in Resources */,
				A2C602572ADD3DF1006DCE67 /* Preview Assets.xcassets in Resources */,
			);
			runOnlyForDeploymentPostprocessing = 0;
		};
		A2C6025A2ADD3DF1006DCE67 /* Resources */ = {
			isa = PBXResourcesBuildPhase;
			buildActionMask = 2147483647;
			files = (
			);
			runOnlyForDeploymentPostprocessing = 0;
		};
		A2C602642ADD3DF1006DCE67 /* Resources */ = {
			isa = PBXResourcesBuildPhase;
			buildActionMask = 2147483647;
			files = (
			);
			runOnlyForDeploymentPostprocessing = 0;
		};
/* End PBXResourcesBuildPhase section */

/* Begin PBXSourcesBuildPhase section */
		A2C602482ADD3DF0006DCE67 /* Sources */ = {
			isa = PBXSourcesBuildPhase;
			buildActionMask = 2147483647;
			files = (
				C065737F2AF8026B002E7C57 /* ChoiceListView.swift in Sources */,
				A2C602522ADD3DF0006DCE67 /* ContentView.swift in Sources */,
				A2C602502ADD3DF0006DCE67 /* vehiculeApp.swift in Sources */,
				C06573772AF800F9002E7C57 /* Tires.swift in Sources */,
				C065737D2AF80241002E7C57 /* TypeRepository.swift in Sources */,
				C06573792AF8010E002E7C57 /* TiresRepository.swift in Sources */,
				C06573752AF800D8002E7C57 /* ExtrasRepository.swift in Sources */,
				C05621682AF80054003A1FB9 /* Extras.swift in Sources */,
				C06573852AF83AB4002E7C57 /* TypeView.swift in Sources */,
				A236059E2AE6759B00E6204B /* SwiftUIView.swift in Sources */,
				C06573832AF839D5002E7C57 /* PurchasedoneView.swift in Sources */,
				C06573812AF80295002E7C57 /* ExtrasView.swift in Sources */,
				A236059A2AE66D8A00E6204B /* TiresView.swift in Sources */,
				C065737B2AF8021D002E7C57 /* Type.swift in Sources */,
			);
			runOnlyForDeploymentPostprocessing = 0;
		};
		A2C602582ADD3DF1006DCE67 /* Sources */ = {
			isa = PBXSourcesBuildPhase;
			buildActionMask = 2147483647;
			files = (
				A2C602612ADD3DF1006DCE67 /* vehiculeTests.swift in Sources */,
			);
			runOnlyForDeploymentPostprocessing = 0;
		};
		A2C602622ADD3DF1006DCE67 /* Sources */ = {
			isa = PBXSourcesBuildPhase;
			buildActionMask = 2147483647;
			files = (
				A2C6026D2ADD3DF1006DCE67 /* vehiculeUITestsLaunchTests.swift in Sources */,
				A2C6026B2ADD3DF1006DCE67 /* vehiculeUITests.swift in Sources */,
			);
			runOnlyForDeploymentPostprocessing = 0;
		};
/* End PBXSourcesBuildPhase section */

/* Begin PBXTargetDependency section */
		A2C6025E2ADD3DF1006DCE67 /* PBXTargetDependency */ = {
			isa = PBXTargetDependency;
			target = A2C6024B2ADD3DF0006DCE67 /* vehicule */;
			targetProxy = A2C6025D2ADD3DF1006DCE67 /* PBXContainerItemProxy */;
		};
		A2C602682ADD3DF1006DCE67 /* PBXTargetDependency */ = {
			isa = PBXTargetDependency;
			target = A2C6024B2ADD3DF0006DCE67 /* vehicule */;
			targetProxy = A2C602672ADD3DF1006DCE67 /* PBXContainerItemProxy */;
		};
/* End PBXTargetDependency section */

/* Begin XCBuildConfiguration section */
		A2C6026E2ADD3DF1006DCE67 /* Debug */ = {
			isa = XCBuildConfiguration;
			buildSettings = {
				ALWAYS_SEARCH_USER_PATHS = NO;
				CLANG_ANALYZER_NONNULL = YES;
				CLANG_ANALYZER_NUMBER_OBJECT_CONVERSION = YES_AGGRESSIVE;
				CLANG_CXX_LANGUAGE_STANDARD = "gnu++20";
				CLANG_ENABLE_MODULES = YES;
				CLANG_ENABLE_OBJC_ARC = YES;
				CLANG_ENABLE_OBJC_WEAK = YES;
				CLANG_WARN_BLOCK_CAPTURE_AUTORELEASING = YES;
				CLANG_WARN_BOOL_CONVERSION = YES;
				CLANG_WARN_COMMA = YES;
				CLANG_WARN_CONSTANT_CONVERSION = YES;
				CLANG_WARN_DEPRECATED_OBJC_IMPLEMENTATIONS = YES;
				CLANG_WARN_DIRECT_OBJC_ISA_USAGE = YES_ERROR;
				CLANG_WARN_DOCUMENTATION_COMMENTS = YES;
				CLANG_WARN_EMPTY_BODY = YES;
				CLANG_WARN_ENUM_CONVERSION = YES;
				CLANG_WARN_INFINITE_RECURSION = YES;
				CLANG_WARN_INT_CONVERSION = YES;
				CLANG_WARN_NON_LITERAL_NULL_CONVERSION = YES;
				CLANG_WARN_OBJC_IMPLICIT_RETAIN_SELF = YES;
				CLANG_WARN_OBJC_LITERAL_CONVERSION = YES;
				CLANG_WARN_OBJC_ROOT_CLASS = YES_ERROR;
				CLANG_WARN_QUOTED_INCLUDE_IN_FRAMEWORK_HEADER = YES;
				CLANG_WARN_RANGE_LOOP_ANALYSIS = YES;
				CLANG_WARN_STRICT_PROTOTYPES = YES;
				CLANG_WARN_SUSPICIOUS_MOVE = YES;
				CLANG_WARN_UNGUARDED_AVAILABILITY = YES_AGGRESSIVE;
				CLANG_WARN_UNREACHABLE_CODE = YES;
				CLANG_WARN__DUPLICATE_METHOD_MATCH = YES;
				COPY_PHASE_STRIP = NO;
				DEBUG_INFORMATION_FORMAT = dwarf;
				ENABLE_STRICT_OBJC_MSGSEND = YES;
				ENABLE_TESTABILITY = YES;
				GCC_C_LANGUAGE_STANDARD = gnu11;
				GCC_DYNAMIC_NO_PIC = NO;
				GCC_NO_COMMON_BLOCKS = YES;
				GCC_OPTIMIZATION_LEVEL = 0;
				GCC_PREPROCESSOR_DEFINITIONS = (
					"DEBUG=1",
					"$(inherited)",
				);
				GCC_WARN_64_TO_32_BIT_CONVERSION = YES;
				GCC_WARN_ABOUT_RETURN_TYPE = YES_ERROR;
				GCC_WARN_UNDECLARED_SELECTOR = YES;
				GCC_WARN_UNINITIALIZED_AUTOS = YES_AGGRESSIVE;
				GCC_WARN_UNUSED_FUNCTION = YES;
				GCC_WARN_UNUSED_VARIABLE = YES;
				IPHONEOS_DEPLOYMENT_TARGET = 16.0;
				MTL_ENABLE_DEBUG_INFO = INCLUDE_SOURCE;
				MTL_FAST_MATH = YES;
				ONLY_ACTIVE_ARCH = YES;
				SDKROOT = iphoneos;
				SWIFT_ACTIVE_COMPILATION_CONDITIONS = DEBUG;
				SWIFT_OPTIMIZATION_LEVEL = "-Onone";
			};
			name = Debug;
		};
		A2C6026F2ADD3DF1006DCE67 /* Release */ = {
			isa = XCBuildConfiguration;
			buildSettings = {
				ALWAYS_SEARCH_USER_PATHS = NO;
				CLANG_ANALYZER_NONNULL = YES;
				CLANG_ANALYZER_NUMBER_OBJECT_CONVERSION = YES_AGGRESSIVE;
				CLANG_CXX_LANGUAGE_STANDARD = "gnu++20";
				CLANG_ENABLE_MODULES = YES;
				CLANG_ENABLE_OBJC_ARC = YES;
				CLANG_ENABLE_OBJC_WEAK = YES;
				CLANG_WARN_BLOCK_CAPTURE_AUTORELEASING = YES;
				CLANG_WARN_BOOL_CONVERSION = YES;
				CLANG_WARN_COMMA = YES;
				CLANG_WARN_CONSTANT_CONVERSION = YES;
				CLANG_WARN_DEPRECATED_OBJC_IMPLEMENTATIONS = YES;
				CLANG_WARN_DIRECT_OBJC_ISA_USAGE = YES_ERROR;
				CLANG_WARN_DOCUMENTATION_COMMENTS = YES;
				CLANG_WARN_EMPTY_BODY = YES;
				CLANG_WARN_ENUM_CONVERSION = YES;
				CLANG_WARN_INFINITE_RECURSION = YES;
				CLANG_WARN_INT_CONVERSION = YES;
				CLANG_WARN_NON_LITERAL_NULL_CONVERSION = YES;
				CLANG_WARN_OBJC_IMPLICIT_RETAIN_SELF = YES;
				CLANG_WARN_OBJC_LITERAL_CONVERSION = YES;
				CLANG_WARN_OBJC_ROOT_CLASS = YES_ERROR;
				CLANG_WARN_QUOTED_INCLUDE_IN_FRAMEWORK_HEADER = YES;
				CLANG_WARN_RANGE_LOOP_ANALYSIS = YES;
				CLANG_WARN_STRICT_PROTOTYPES = YES;
				CLANG_WARN_SUSPICIOUS_MOVE = YES;
				CLANG_WARN_UNGUARDED_AVAILABILITY = YES_AGGRESSIVE;
				CLANG_WARN_UNREACHABLE_CODE = YES;
				CLANG_WARN__DUPLICATE_METHOD_MATCH = YES;
				COPY_PHASE_STRIP = NO;
				DEBUG_INFORMATION_FORMAT = "dwarf-with-dsym";
				ENABLE_NS_ASSERTIONS = NO;
				ENABLE_STRICT_OBJC_MSGSEND = YES;
				GCC_C_LANGUAGE_STANDARD = gnu11;
				GCC_NO_COMMON_BLOCKS = YES;
				GCC_WARN_64_TO_32_BIT_CONVERSION = YES;
				GCC_WARN_ABOUT_RETURN_TYPE = YES_ERROR;
				GCC_WARN_UNDECLARED_SELECTOR = YES;
				GCC_WARN_UNINITIALIZED_AUTOS = YES_AGGRESSIVE;
				GCC_WARN_UNUSED_FUNCTION = YES;
				GCC_WARN_UNUSED_VARIABLE = YES;
				IPHONEOS_DEPLOYMENT_TARGET = 16.0;
				MTL_ENABLE_DEBUG_INFO = NO;
				MTL_FAST_MATH = YES;
				SDKROOT = iphoneos;
				SWIFT_COMPILATION_MODE = wholemodule;
				SWIFT_OPTIMIZATION_LEVEL = "-O";
				VALIDATE_PRODUCT = YES;
			};
			name = Release;
		};
		A2C602712ADD3DF1006DCE67 /* Debug */ = {
			isa = XCBuildConfiguration;
			buildSettings = {
				ASSETCATALOG_COMPILER_APPICON_NAME = AppIcon;
				ASSETCATALOG_COMPILER_GLOBAL_ACCENT_COLOR_NAME = AccentColor;
				CODE_SIGN_STYLE = Automatic;
				CURRENT_PROJECT_VERSION = 1;
				DEVELOPMENT_ASSET_PATHS = "\"vehicule/Preview Content\"";
				DEVELOPMENT_TEAM = USKQ67PL4C;
				ENABLE_PREVIEWS = YES;
				GENERATE_INFOPLIST_FILE = YES;
				INFOPLIST_KEY_UIApplicationSceneManifest_Generation = YES;
				INFOPLIST_KEY_UIApplicationSupportsIndirectInputEvents = YES;
				INFOPLIST_KEY_UILaunchScreen_Generation = YES;
				INFOPLIST_KEY_UISupportedInterfaceOrientations_iPad = "UIInterfaceOrientationPortrait UIInterfaceOrientationPortraitUpsideDown UIInterfaceOrientationLandscapeLeft UIInterfaceOrientationLandscapeRight";
				INFOPLIST_KEY_UISupportedInterfaceOrientations_iPhone = "UIInterfaceOrientationPortrait UIInterfaceOrientationLandscapeLeft UIInterfaceOrientationLandscapeRight";
				IPHONEOS_DEPLOYMENT_TARGET = 16.0;
				LD_RUNPATH_SEARCH_PATHS = (
					"$(inherited)",
					"@executable_path/Frameworks",
				);
				MARKETING_VERSION = 1.0;
				PRODUCT_BUNDLE_IDENTIFIER = dev.vehicule;
				PRODUCT_NAME = "$(TARGET_NAME)";
				SWIFT_EMIT_LOC_STRINGS = YES;
				SWIFT_VERSION = 5.0;
				TARGETED_DEVICE_FAMILY = "1,2";
			};
			name = Debug;
		};
		A2C602722ADD3DF1006DCE67 /* Release */ = {
			isa = XCBuildConfiguration;
			buildSettings = {
				ASSETCATALOG_COMPILER_APPICON_NAME = AppIcon;
				ASSETCATALOG_COMPILER_GLOBAL_ACCENT_COLOR_NAME = AccentColor;
				CODE_SIGN_STYLE = Automatic;
				CURRENT_PROJECT_VERSION = 1;
				DEVELOPMENT_ASSET_PATHS = "\"vehicule/Preview Content\"";
				DEVELOPMENT_TEAM = USKQ67PL4C;
				ENABLE_PREVIEWS = YES;
				GENERATE_INFOPLIST_FILE = YES;
				INFOPLIST_KEY_UIApplicationSceneManifest_Generation = YES;
				INFOPLIST_KEY_UIApplicationSupportsIndirectInputEvents = YES;
				INFOPLIST_KEY_UILaunchScreen_Generation = YES;
				INFOPLIST_KEY_UISupportedInterfaceOrientations_iPad = "UIInterfaceOrientationPortrait UIInterfaceOrientationPortraitUpsideDown UIInterfaceOrientationLandscapeLeft UIInterfaceOrientationLandscapeRight";
				INFOPLIST_KEY_UISupportedInterfaceOrientations_iPhone = "UIInterfaceOrientationPortrait UIInterfaceOrientationLandscapeLeft UIInterfaceOrientationLandscapeRight";
				IPHONEOS_DEPLOYMENT_TARGET = 16.0;
				LD_RUNPATH_SEARCH_PATHS = (
					"$(inherited)",
					"@executable_path/Frameworks",
				);
				MARKETING_VERSION = 1.0;
				PRODUCT_BUNDLE_IDENTIFIER = dev.vehicule;
				PRODUCT_NAME = "$(TARGET_NAME)";
				SWIFT_EMIT_LOC_STRINGS = YES;
				SWIFT_VERSION = 5.0;
				TARGETED_DEVICE_FAMILY = "1,2";
			};
			name = Release;
		};
		A2C602742ADD3DF1006DCE67 /* Debug */ = {
			isa = XCBuildConfiguration;
			buildSettings = {
				ALWAYS_EMBED_SWIFT_STANDARD_LIBRARIES = YES;
				BUNDLE_LOADER = "$(TEST_HOST)";
				CODE_SIGN_STYLE = Automatic;
				CURRENT_PROJECT_VERSION = 1;
				DEVELOPMENT_TEAM = USKQ67PL4C;
				GENERATE_INFOPLIST_FILE = YES;
				IPHONEOS_DEPLOYMENT_TARGET = 16.0;
				MARKETING_VERSION = 1.0;
				PRODUCT_BUNDLE_IDENTIFIER = dev.vehiculeTests;
				PRODUCT_NAME = "$(TARGET_NAME)";
				SWIFT_EMIT_LOC_STRINGS = NO;
				SWIFT_VERSION = 5.0;
				TARGETED_DEVICE_FAMILY = "1,2";
				TEST_HOST = "$(BUILT_PRODUCTS_DIR)/vehicule.app/$(BUNDLE_EXECUTABLE_FOLDER_PATH)/vehicule";
			};
			name = Debug;
		};
		A2C602752ADD3DF1006DCE67 /* Release */ = {
			isa = XCBuildConfiguration;
			buildSettings = {
				ALWAYS_EMBED_SWIFT_STANDARD_LIBRARIES = YES;
				BUNDLE_LOADER = "$(TEST_HOST)";
				CODE_SIGN_STYLE = Automatic;
				CURRENT_PROJECT_VERSION = 1;
				DEVELOPMENT_TEAM = USKQ67PL4C;
				GENERATE_INFOPLIST_FILE = YES;
				IPHONEOS_DEPLOYMENT_TARGET = 16.0;
				MARKETING_VERSION = 1.0;
				PRODUCT_BUNDLE_IDENTIFIER = dev.vehiculeTests;
				PRODUCT_NAME = "$(TARGET_NAME)";
				SWIFT_EMIT_LOC_STRINGS = NO;
				SWIFT_VERSION = 5.0;
				TARGETED_DEVICE_FAMILY = "1,2";
				TEST_HOST = "$(BUILT_PRODUCTS_DIR)/vehicule.app/$(BUNDLE_EXECUTABLE_FOLDER_PATH)/vehicule";
			};
			name = Release;
		};
		A2C602772ADD3DF1006DCE67 /* Debug */ = {
			isa = XCBuildConfiguration;
			buildSettings = {
				ALWAYS_EMBED_SWIFT_STANDARD_LIBRARIES = YES;
				CODE_SIGN_STYLE = Automatic;
				CURRENT_PROJECT_VERSION = 1;
				DEVELOPMENT_TEAM = USKQ67PL4C;
				GENERATE_INFOPLIST_FILE = YES;
				MARKETING_VERSION = 1.0;
				PRODUCT_BUNDLE_IDENTIFIER = dev.vehiculeUITests;
				PRODUCT_NAME = "$(TARGET_NAME)";
				SWIFT_EMIT_LOC_STRINGS = NO;
				SWIFT_VERSION = 5.0;
				TARGETED_DEVICE_FAMILY = "1,2";
				TEST_TARGET_NAME = vehicule;
			};
			name = Debug;
		};
		A2C602782ADD3DF1006DCE67 /* Release */ = {
			isa = XCBuildConfiguration;
			buildSettings = {
				ALWAYS_EMBED_SWIFT_STANDARD_LIBRARIES = YES;
				CODE_SIGN_STYLE = Automatic;
				CURRENT_PROJECT_VERSION = 1;
				DEVELOPMENT_TEAM = USKQ67PL4C;
				GENERATE_INFOPLIST_FILE = YES;
				MARKETING_VERSION = 1.0;
				PRODUCT_BUNDLE_IDENTIFIER = dev.vehiculeUITests;
				PRODUCT_NAME = "$(TARGET_NAME)";
				SWIFT_EMIT_LOC_STRINGS = NO;
				SWIFT_VERSION = 5.0;
				TARGETED_DEVICE_FAMILY = "1,2";
				TEST_TARGET_NAME = vehicule;
			};
			name = Release;
		};
/* End XCBuildConfiguration section */

/* Begin XCConfigurationList section */
		A2C602472ADD3DF0006DCE67 /* Build configuration list for PBXProject "vehicule" */ = {
			isa = XCConfigurationList;
			buildConfigurations = (
				A2C6026E2ADD3DF1006DCE67 /* Debug */,
				A2C6026F2ADD3DF1006DCE67 /* Release */,
			);
			defaultConfigurationIsVisible = 0;
			defaultConfigurationName = Release;
		};
		A2C602702ADD3DF1006DCE67 /* Build configuration list for PBXNativeTarget "vehicule" */ = {
			isa = XCConfigurationList;
			buildConfigurations = (
				A2C602712ADD3DF1006DCE67 /* Debug */,
				A2C602722ADD3DF1006DCE67 /* Release */,
			);
			defaultConfigurationIsVisible = 0;
			defaultConfigurationName = Release;
		};
		A2C602732ADD3DF1006DCE67 /* Build configuration list for PBXNativeTarget "vehiculeTests" */ = {
			isa = XCConfigurationList;
			buildConfigurations = (
				A2C602742ADD3DF1006DCE67 /* Debug */,
				A2C602752ADD3DF1006DCE67 /* Release */,
			);
			defaultConfigurationIsVisible = 0;
			defaultConfigurationName = Release;
		};
		A2C602762ADD3DF1006DCE67 /* Build configuration list for PBXNativeTarget "vehiculeUITests" */ = {
			isa = XCConfigurationList;
			buildConfigurations = (
				A2C602772ADD3DF1006DCE67 /* Debug */,
				A2C602782ADD3DF1006DCE67 /* Release */,
			);
			defaultConfigurationIsVisible = 0;
			defaultConfigurationName = Release;
		};
/* End XCConfigurationList section */
	};
	rootObject = A2C602442ADD3DF0006DCE67 /* Project object */;
}
